
Microsoft Visual Studio Solution File, Format Version 12.00
# Visual Studio Version 17
VisualStudioVersion = 17.0.32014.148
MinimumVisualStudioVersion = 10.0.40219.1
Project("{9A19103F-16F7-4668-BE54-9A1E7A4F7556}") = "StripedProgressBar", "StripedProgressBar\StripedProgressBar.csproj", "{00795CC0-0161-4B2B-AA8E-E545C54D0DAE}"
EndProject
Project("{9A19103F-16F7-4668-BE54-9A1E7A4F7556}") = "RoundProgressBar", "RoundProgressBar\RoundProgressBar.csproj", "{4C6FE03A-74A9-4181-B66D-2CD5266A72DE}"
EndProject
Project("{9A19103F-16F7-4668-BE54-9A1E7A4F7556}") = "DoubleCurvedTab", "DoubleCurvedTab\DoubleCurvedTab.csproj", "{D6E95329-D828-4EA1-9026-E4D9CB0811E9}"
EndProject
Project("{9A19103F-16F7-4668-BE54-9A1E7A4F7556}") = "ReversalLabel", "ReversalLabel\ReversalLabel.csproj", "{21E1EB8D-1E31-4A3C-8AAC-2D33FC8771DC}"
EndProject
Project("{9A19103F-16F7-4668-BE54-9A1E7A4F7556}") = "FlaskProgressBar", "FlaskProgressBar\FlaskProgressBar.csproj", "{57177110-4E16-4E2D-973B-2D0B866883BE}"
EndProject
Project("{9A19103F-16F7-4668-BE54-9A1E7A4F7556}") = "Dial", "Dial\Dial.csproj", "{A6DF9D77-CC44-45DF-9ECA-126D3F1C3015}"
EndProject
Project("{9A19103F-16F7-4668-BE54-9A1E7A4F7556}") = "FlatGridView", "FlatGridView\FlatGridView.csproj", "{ECCEB941-9521-4A6D-BEB8-448050F29EEC}"
EndProject
Project("{9A19103F-16F7-4668-BE54-9A1E7A4F7556}") = "CustomCaret", "CustomCaret\CustomCaret.csproj", "{72C4487D-D38B-42EE-9097-98A7469016DF}"
EndProject
Project("{9A19103F-16F7-4668-BE54-9A1E7A4F7556}") = "InsertableList", "InsertableList\InsertableList.csproj", "{A72BE3F0-8371-4E2E-980E-2B5A8BF94907}"
EndProject
Project("{9A19103F-16F7-4668-BE54-9A1E7A4F7556}") = "SwitchableComboBox", "SwitchableComboBox\SwitchableComboBox.csproj", "{4D88F058-2D13-4818-8413-AA24100B5CC4}"
EndProject
Project("{9A19103F-16F7-4668-BE54-9A1E7A4F7556}") = "StagedButton", "StagedButton\StagedButton.csproj", "{D8B67210-C561-42FE-8BA2-4067E28BE054}"
EndProject
Project("{9A19103F-16F7-4668-BE54-9A1E7A4F7556}") = "NumericUpDown", "NumericUpDown\NumericUpDown.csproj", "{CA9B2463-3035-40CA-894C-59E3B23541DA}"
EndProject
Project("{FAE04EC0-301F-11D3-BF4B-00C04F79EFBC}") = "SliderPlus", "SliderPlus\SliderPlus.csproj", "{0E81DC3C-9C00-497C-BF65-369D32AC8E02}"
EndProject
Global
	GlobalSection(SolutionConfigurationPlatforms) = preSolution
		Debug|Any CPU = Debug|Any CPU
		Release|Any CPU = Release|Any CPU
	EndGlobalSection
	GlobalSection(ProjectConfigurationPlatforms) = postSolution
		{00795CC0-0161-4B2B-AA8E-E545C54D0DAE}.Debug|Any CPU.ActiveCfg = Debug|Any CPU
		{00795CC0-0161-4B2B-AA8E-E545C54D0DAE}.Debug|Any CPU.Build.0 = Debug|Any CPU
		{00795CC0-0161-4B2B-AA8E-E545C54D0DAE}.Release|Any CPU.ActiveCfg = Release|Any CPU
		{00795CC0-0161-4B2B-AA8E-E545C54D0DAE}.Release|Any CPU.Build.0 = Release|Any CPU
		{4C6FE03A-74A9-4181-B66D-2CD5266A72DE}.Debug|Any CPU.ActiveCfg = Debug|Any CPU
		{4C6FE03A-74A9-4181-B66D-2CD5266A72DE}.Debug|Any CPU.Build.0 = Debug|Any CPU
		{4C6FE03A-74A9-4181-B66D-2CD5266A72DE}.Release|Any CPU.ActiveCfg = Release|Any CPU
		{4C6FE03A-74A9-4181-B66D-2CD5266A72DE}.Release|Any CPU.Build.0 = Release|Any CPU
		{D6E95329-D828-4EA1-9026-E4D9CB0811E9}.Debug|Any CPU.ActiveCfg = Debug|Any CPU
		{D6E95329-D828-4EA1-9026-E4D9CB0811E9}.Debug|Any CPU.Build.0 = Debug|Any CPU
		{D6E95329-D828-4EA1-9026-E4D9CB0811E9}.Release|Any CPU.ActiveCfg = Release|Any CPU
		{D6E95329-D828-4EA1-9026-E4D9CB0811E9}.Release|Any CPU.Build.0 = Release|Any CPU
		{21E1EB8D-1E31-4A3C-8AAC-2D33FC8771DC}.Debug|Any CPU.ActiveCfg = Debug|Any CPU
		{21E1EB8D-1E31-4A3C-8AAC-2D33FC8771DC}.Debug|Any CPU.Build.0 = Debug|Any CPU
		{21E1EB8D-1E31-4A3C-8AAC-2D33FC8771DC}.Release|Any CPU.ActiveCfg = Release|Any CPU
		{21E1EB8D-1E31-4A3C-8AAC-2D33FC8771DC}.Release|Any CPU.Build.0 = Release|Any CPU
		{57177110-4E16-4E2D-973B-2D0B866883BE}.Debug|Any CPU.ActiveCfg = Debug|Any CPU
		{57177110-4E16-4E2D-973B-2D0B866883BE}.Debug|Any CPU.Build.0 = Debug|Any CPU
		{57177110-4E16-4E2D-973B-2D0B866883BE}.Release|Any CPU.ActiveCfg = Release|Any CPU
		{57177110-4E16-4E2D-973B-2D0B866883BE}.Release|Any CPU.Build.0 = Release|Any CPU
		{A6DF9D77-CC44-45DF-9ECA-126D3F1C3015}.Debug|Any CPU.ActiveCfg = Debug|Any CPU
		{A6DF9D77-CC44-45DF-9ECA-126D3F1C3015}.Debug|Any CPU.Build.0 = Debug|Any CPU
		{A6DF9D77-CC44-45DF-9ECA-126D3F1C3015}.Release|Any CPU.ActiveCfg = Release|Any CPU
		{A6DF9D77-CC44-45DF-9ECA-126D3F1C3015}.Release|Any CPU.Build.0 = Release|Any CPU
		{ECCEB941-9521-4A6D-BEB8-448050F29EEC}.Debug|Any CPU.ActiveCfg = Debug|Any CPU
		{ECCEB941-9521-4A6D-BEB8-448050F29EEC}.Debug|Any CPU.Build.0 = Debug|Any CPU
		{ECCEB941-9521-4A6D-BEB8-448050F29EEC}.Release|Any CPU.ActiveCfg = Release|Any CPU
		{ECCEB941-9521-4A6D-BEB8-448050F29EEC}.Release|Any CPU.Build.0 = Release|Any CPU
		{72C4487D-D38B-42EE-9097-98A7469016DF}.Debug|Any CPU.ActiveCfg = Debug|Any CPU
		{72C4487D-D38B-42EE-9097-98A7469016DF}.Debug|Any CPU.Build.0 = Debug|Any CPU
		{72C4487D-D38B-42EE-9097-98A7469016DF}.Release|Any CPU.ActiveCfg = Release|Any CPU
		{72C4487D-D38B-42EE-9097-98A7469016DF}.Release|Any CPU.Build.0 = Release|Any CPU
		{A72BE3F0-8371-4E2E-980E-2B5A8BF94907}.Debug|Any CPU.ActiveCfg = Debug|Any CPU
		{A72BE3F0-8371-4E2E-980E-2B5A8BF94907}.Debug|Any CPU.Build.0 = Debug|Any CPU
		{A72BE3F0-8371-4E2E-980E-2B5A8BF94907}.Release|Any CPU.ActiveCfg = Release|Any CPU
		{A72BE3F0-8371-4E2E-980E-2B5A8BF94907}.Release|Any CPU.Build.0 = Release|Any CPU
		{4D88F058-2D13-4818-8413-AA24100B5CC4}.Debug|Any CPU.ActiveCfg = Debug|Any CPU
		{4D88F058-2D13-4818-8413-AA24100B5CC4}.Debug|Any CPU.Build.0 = Debug|Any CPU
		{4D88F058-2D13-4818-8413-AA24100B5CC4}.Release|Any CPU.ActiveCfg = Release|Any CPU
		{4D88F058-2D13-4818-8413-AA24100B5CC4}.Release|Any CPU.Build.0 = Release|Any CPU
		{D8B67210-C561-42FE-8BA2-4067E28BE054}.Debug|Any CPU.ActiveCfg = Debug|Any CPU
		{D8B67210-C561-42FE-8BA2-4067E28BE054}.Debug|Any CPU.Build.0 = Debug|Any CPU
		{D8B67210-C561-42FE-8BA2-4067E28BE054}.Release|Any CPU.ActiveCfg = Release|Any CPU
		{D8B67210-C561-42FE-8BA2-4067E28BE054}.Release|Any CPU.Build.0 = Release|Any CPU
		{CA9B2463-3035-40CA-894C-59E3B23541DA}.Debug|Any CPU.ActiveCfg = Debug|Any CPU
		{CA9B2463-3035-40CA-894C-59E3B23541DA}.Debug|Any CPU.Build.0 = Debug|Any CPU
		{CA9B2463-3035-40CA-894C-59E3B23541DA}.Release|Any CPU.ActiveCfg = Release|Any CPU
		{CA9B2463-3035-40CA-894C-59E3B23541DA}.Release|Any CPU.Build.0 = Release|Any CPU
		{0E81DC3C-9C00-497C-BF65-369D32AC8E02}.Debug|Any CPU.ActiveCfg = Debug|Any CPU
		{0E81DC3C-9C00-497C-BF65-369D32AC8E02}.Debug|Any CPU.Build.0 = Debug|Any CPU
		{0E81DC3C-9C00-497C-BF65-369D32AC8E02}.Release|Any CPU.ActiveCfg = Release|Any CPU
		{0E81DC3C-9C00-497C-BF65-369D32AC8E02}.Release|Any CPU.Build.0 = Release|Any CPU
	EndGlobalSection
	GlobalSection(SolutionProperties) = preSolution
		HideSolutionNode = FALSE
	EndGlobalSection
	GlobalSection(ExtensibilityGlobals) = postSolution
		SolutionGuid = {9C14C0BC-F3C7-4F06-B571-A0AC7EC31CA1}
	EndGlobalSection
EndGlobal
